
Microsoft Visual Studio Solution File, Format Version 12.00
# Visual Studio Version 17
VisualStudioVersion = 17.8.34316.72
MinimumVisualStudioVersion = 10.0.40219.1
Project("{FAE04EC0-301F-11D3-BF4B-00C04F79EFBC}") = "Pract7", "Pract7.csproj", "{8BBC75D1-8977-4513-ABB2-10A1D31F66E4}"
EndProject
Project("{2150E333-8FDC-42A3-9474-1A3956D46DE8}") = "Элементы решения", "Элементы решения", "{4B55C822-28AA-4C1F-9404-D2DD7BC8AA32}"
	ProjectSection(SolutionItems) = preProject
		Patient.cs = Patient.cs
		User.cs = User.cs
	EndProjectSection
EndProject
Global
	GlobalSection(SolutionConfigurationPlatforms) = preSolution
		Debug|Any CPU = Debug|Any CPU
		Release|Any CPU = Release|Any CPU
	EndGlobalSection
	GlobalSection(ProjectConfigurationPlatforms) = postSolution
		{8BBC75D1-8977-4513-ABB2-10A1D31F66E4}.Debug|Any CPU.ActiveCfg = Debug|Any CPU
		{8BBC75D1-8977-4513-ABB2-10A1D31F66E4}.Debug|Any CPU.Build.0 = Debug|Any CPU
		{8BBC75D1-8977-4513-ABB2-10A1D31F66E4}.Release|Any CPU.ActiveCfg = Release|Any CPU
		{8BBC75D1-8977-4513-ABB2-10A1D31F66E4}.Release|Any CPU.Build.0 = Release|Any CPU
	EndGlobalSection
	GlobalSection(SolutionProperties) = preSolution
		HideSolutionNode = FALSE
	EndGlobalSection
	GlobalSection(ExtensibilityGlobals) = postSolution
		SolutionGuid = {F275490A-4DD6-4684-9246-08A70F7A04DB}
	EndGlobalSection
EndGlobal
